// !$*UTF8*$!
{
	archiveVersion = 1;
	classes = {
	};
	objectVersion = 50;
	objects = {

/* Begin PBXBuildFile section */
		37B2395B21E523140006E8D8 /* AppDelegate.swift in Sources */ = {isa = PBXBuildFile; fileRef = 37B2395A21E523140006E8D8 /* AppDelegate.swift */; };
		37B2395D21E523140006E8D8 /* ViewController.swift in Sources */ = {isa = PBXBuildFile; fileRef = 37B2395C21E523140006E8D8 /* ViewController.swift */; };
		37B2396021E523140006E8D8 /* Main.storyboard in Resources */ = {isa = PBXBuildFile; fileRef = 37B2395E21E523140006E8D8 /* Main.storyboard */; };
		37B2396221E523160006E8D8 /* Assets.xcassets in Resources */ = {isa = PBXBuildFile; fileRef = 37B2396121E523160006E8D8 /* Assets.xcassets */; };
		37B2396521E523170006E8D8 /* LaunchScreen.storyboard in Resources */ = {isa = PBXBuildFile; fileRef = 37B2396321E523160006E8D8 /* LaunchScreen.storyboard */; };
		37B2397021E523170006E8D8 /* TabBarDummyTests.swift in Sources */ = {isa = PBXBuildFile; fileRef = 37B2396F21E523170006E8D8 /* TabBarDummyTests.swift */; };
		37B2397B21E523170006E8D8 /* TabBarDummyUITests.swift in Sources */ = {isa = PBXBuildFile; fileRef = 37B2397A21E523170006E8D8 /* TabBarDummyUITests.swift */; };
/* End PBXBuildFile section */

/* Begin PBXContainerItemProxy section */
		37B2396C21E523170006E8D8 /* PBXContainerItemProxy */ = {
			isa = PBXContainerItemProxy;
			containerPortal = 37B2394F21E523140006E8D8 /* Project object */;
			proxyType = 1;
			remoteGlobalIDString = 37B2395621E523140006E8D8;
			remoteInfo = TabBarDummy;
		};
		37B2397721E523170006E8D8 /* PBXContainerItemProxy */ = {
			isa = PBXContainerItemProxy;
			containerPortal = 37B2394F21E523140006E8D8 /* Project object */;
			proxyType = 1;
			remoteGlobalIDString = 37B2395621E523140006E8D8;
			remoteInfo = TabBarDummy;
		};
/* End PBXContainerItemProxy section */

/* Begin PBXFileReference section */
		37B2395721E523140006E8D8 /* TabBarDummy.app */ = {isa = PBXFileReference; explicitFileType = wrapper.application; includeInIndex = 0; path = TabBarDummy.app; sourceTree = BUILT_PRODUCTS_DIR; };
		37B2395A21E523140006E8D8 /* AppDelegate.swift */ = {isa = PBXFileReference; lastKnownFileType = sourcecode.swift; path = AppDelegate.swift; sourceTree = "<group>"; };
		37B2395C21E523140006E8D8 /* ViewController.swift */ = {isa = PBXFileReference; lastKnownFileType = sourcecode.swift; path = ViewController.swift; sourceTree = "<group>"; };
		37B2395F21E523140006E8D8 /* Base */ = {isa = PBXFileReference; lastKnownFileType = file.storyboard; name = Base; path = Base.lproj/Main.storyboard; sourceTree = "<group>"; };
		37B2396121E523160006E8D8 /* Assets.xcassets */ = {isa = PBXFileReference; lastKnownFileType = folder.assetcatalog; path = Assets.xcassets; sourceTree = "<group>"; };
		37B2396421E523160006E8D8 /* Base */ = {isa = PBXFileReference; lastKnownFileType = file.storyboard; name = Base; path = Base.lproj/LaunchScreen.storyboard; sourceTree = "<group>"; };
		37B2396621E523170006E8D8 /* Info.plist */ = {isa = PBXFileReference; lastKnownFileType = text.plist.xml; path = Info.plist; sourceTree = "<group>"; };
		37B2396B21E523170006E8D8 /* TabBarDummyTests.xctest */ = {isa = PBXFileReference; explicitFileType = wrapper.cfbundle; includeInIndex = 0; path = TabBarDummyTests.xctest; sourceTree = BUILT_PRODUCTS_DIR; };
		37B2396F21E523170006E8D8 /* TabBarDummyTests.swift */ = {isa = PBXFileReference; lastKnownFileType = sourcecode.swift; path = TabBarDummyTests.swift; sourceTree = "<group>"; };
		37B2397121E523170006E8D8 /* Info.plist */ = {isa = PBXFileReference; lastKnownFileType = text.plist.xml; path = Info.plist; sourceTree = "<group>"; };
		37B2397621E523170006E8D8 /* TabBarDummyUITests.xctest */ = {isa = PBXFileReference; explicitFileType = wrapper.cfbundle; includeInIndex = 0; path = TabBarDummyUITests.xctest; sourceTree = BUILT_PRODUCTS_DIR; };
		37B2397A21E523170006E8D8 /* TabBarDummyUITests.swift */ = {isa = PBXFileReference; lastKnownFileType = sourcecode.swift; path = TabBarDummyUITests.swift; sourceTree = "<group>"; };
		37B2397C21E523170006E8D8 /* Info.plist */ = {isa = PBXFileReference; lastKnownFileType = text.plist.xml; path = Info.plist; sourceTree = "<group>"; };
/* End PBXFileReference section */

/* Begin PBXFrameworksBuildPhase section */
		37B2395421E523140006E8D8 /* Frameworks */ = {
			isa = PBXFrameworksBuildPhase;
			buildActionMask = 2147483647;
			files = (
			);
			runOnlyForDeploymentPostprocessing = 0;
		};
		37B2396821E523170006E8D8 /* Frameworks */ = {
			isa = PBXFrameworksBuildPhase;
			buildActionMask = 2147483647;
			files = (
			);
			runOnlyForDeploymentPostprocessing = 0;
		};
		37B2397321E523170006E8D8 /* Frameworks */ = {
			isa = PBXFrameworksBuildPhase;
			buildActionMask = 2147483647;
			files = (
			);
			runOnlyForDeploymentPostprocessing = 0;
		};
/* End PBXFrameworksBuildPhase section */

/* Begin PBXGroup section */
		37B2394E21E523140006E8D8 = {
			isa = PBXGroup;
			children = (
				37B2395921E523140006E8D8 /* TabBarDummy */,
				37B2396E21E523170006E8D8 /* TabBarDummyTests */,
				37B2397921E523170006E8D8 /* TabBarDummyUITests */,
				37B2395821E523140006E8D8 /* Products */,
			);
			sourceTree = "<group>";
		};
		37B2395821E523140006E8D8 /* Products */ = {
			isa = PBXGroup;
			children = (
				37B2395721E523140006E8D8 /* TabBarDummy.app */,
				37B2396B21E523170006E8D8 /* TabBarDummyTests.xctest */,
				37B2397621E523170006E8D8 /* TabBarDummyUITests.xctest */,
			);
			name = Products;
			sourceTree = "<group>";
		};
		37B2395921E523140006E8D8 /* TabBarDummy */ = {
			isa = PBXGroup;
			children = (
				37B2395A21E523140006E8D8 /* AppDelegate.swift */,
				37B2395C21E523140006E8D8 /* ViewController.swift */,
				37B2395E21E523140006E8D8 /* Main.storyboard */,
				37B2396121E523160006E8D8 /* Assets.xcassets */,
				37B2396321E523160006E8D8 /* LaunchScreen.storyboard */,
				37B2396621E523170006E8D8 /* Info.plist */,
			);
			path = TabBarDummy;
			sourceTree = "<group>";
		};
		37B2396E21E523170006E8D8 /* TabBarDummyTests */ = {
			isa = PBXGroup;
			children = (
				37B2396F21E523170006E8D8 /* TabBarDummyTests.swift */,
				37B2397121E523170006E8D8 /* Info.plist */,
			);
			path = TabBarDummyTests;
			sourceTree = "<group>";
		};
		37B2397921E523170006E8D8 /* TabBarDummyUITests */ = {
			isa = PBXGroup;
			children = (
				37B2397A21E523170006E8D8 /* TabBarDummyUITests.swift */,
				37B2397C21E523170006E8D8 /* Info.plist */,
			);
			path = TabBarDummyUITests;
			sourceTree = "<group>";
		};
/* End PBXGroup section */

/* Begin PBXNativeTarget section */
		37B2395621E523140006E8D8 /* TabBarDummy */ = {
			isa = PBXNativeTarget;
			buildConfigurationList = 37B2397F21E523170006E8D8 /* Build configuration list for PBXNativeTarget "TabBarDummy" */;
			buildPhases = (
				37B2395321E523140006E8D8 /* Sources */,
				37B2395421E523140006E8D8 /* Frameworks */,
				37B2395521E523140006E8D8 /* Resources */,
			);
			buildRules = (
			);
			dependencies = (
			);
			name = TabBarDummy;
			productName = TabBarDummy;
			productReference = 37B2395721E523140006E8D8 /* TabBarDummy.app */;
			productType = "com.apple.product-type.application";
		};
		37B2396A21E523170006E8D8 /* TabBarDummyTests */ = {
			isa = PBXNativeTarget;
			buildConfigurationList = 37B2398221E523170006E8D8 /* Build configuration list for PBXNativeTarget "TabBarDummyTests" */;
			buildPhases = (
				37B2396721E523170006E8D8 /* Sources */,
				37B2396821E523170006E8D8 /* Frameworks */,
				37B2396921E523170006E8D8 /* Resources */,
			);
			buildRules = (
			);
			dependencies = (
				37B2396D21E523170006E8D8 /* PBXTargetDependency */,
			);
			name = TabBarDummyTests;
			productName = TabBarDummyTests;
			productReference = 37B2396B21E523170006E8D8 /* TabBarDummyTests.xctest */;
			productType = "com.apple.product-type.bundle.unit-test";
		};
		37B2397521E523170006E8D8 /* TabBarDummyUITests */ = {
			isa = PBXNativeTarget;
			buildConfigurationList = 37B2398521E523170006E8D8 /* Build configuration list for PBXNativeTarget "TabBarDummyUITests" */;
			buildPhases = (
				37B2397221E523170006E8D8 /* Sources */,
				37B2397321E523170006E8D8 /* Frameworks */,
				37B2397421E523170006E8D8 /* Resources */,
			);
			buildRules = (
			);
			dependencies = (
				37B2397821E523170006E8D8 /* PBXTargetDependency */,
			);
			name = TabBarDummyUITests;
			productName = TabBarDummyUITests;
			productReference = 37B2397621E523170006E8D8 /* TabBarDummyUITests.xctest */;
			productType = "com.apple.product-type.bundle.ui-testing";
		};
/* End PBXNativeTarget section */

/* Begin PBXProject section */
		37B2394F21E523140006E8D8 /* Project object */ = {
			isa = PBXProject;
			attributes = {
				LastSwiftUpdateCheck = 1010;
				LastUpgradeCheck = 1010;
				ORGANIZATIONNAME = "Miquel Maria Mirat";
				TargetAttributes = {
					37B2395621E523140006E8D8 = {
						CreatedOnToolsVersion = 10.1;
					};
					37B2396A21E523170006E8D8 = {
						CreatedOnToolsVersion = 10.1;
						TestTargetID = 37B2395621E523140006E8D8;
					};
					37B2397521E523170006E8D8 = {
						CreatedOnToolsVersion = 10.1;
						TestTargetID = 37B2395621E523140006E8D8;
					};
				};
			};
			buildConfigurationList = 37B2395221E523140006E8D8 /* Build configuration list for PBXProject "TabBarDummy" */;
			compatibilityVersion = "Xcode 9.3";
			developmentRegion = en;
			hasScannedForEncodings = 0;
			knownRegions = (
				en,
				Base,
			);
			mainGroup = 37B2394E21E523140006E8D8;
			productRefGroup = 37B2395821E523140006E8D8 /* Products */;
			projectDirPath = "";
			projectRoot = "";
			targets = (
				37B2395621E523140006E8D8 /* TabBarDummy */,
				37B2396A21E523170006E8D8 /* TabBarDummyTests */,
				37B2397521E523170006E8D8 /* TabBarDummyUITests */,
			);
		};
/* End PBXProject section */

/* Begin PBXResourcesBuildPhase section */
		37B2395521E523140006E8D8 /* Resources */ = {
			isa = PBXResourcesBuildPhase;
			buildActionMask = 2147483647;
			files = (
				37B2396521E523170006E8D8 /* LaunchScreen.storyboard in Resources */,
				37B2396221E523160006E8D8 /* Assets.xcassets in Resources */,
				37B2396021E523140006E8D8 /* Main.storyboard in Resources */,
			);
			runOnlyForDeploymentPostprocessing = 0;
		};
		37B2396921E523170006E8D8 /* Resources */ = {
			isa = PBXResourcesBuildPhase;
			buildActionMask = 2147483647;
			files = (
			);
			runOnlyForDeploymentPostprocessing = 0;
		};
		37B2397421E523170006E8D8 /* Resources */ = {
			isa = PBXResourcesBuildPhase;
			buildActionMask = 2147483647;
			files = (
			);
			runOnlyForDeploymentPostprocessing = 0;
		};
/* End PBXResourcesBuildPhase section */

/* Begin PBXSourcesBuildPhase section */
		37B2395321E523140006E8D8 /* Sources */ = {
			isa = PBXSourcesBuildPhase;
			buildActionMask = 2147483647;
			files = (
				37B2395D21E523140006E8D8 /* ViewController.swift in Sources */,
				37B2395B21E523140006E8D8 /* AppDelegate.swift in Sources */,
			);
			runOnlyForDeploymentPostprocessing = 0;
		};
		37B2396721E523170006E8D8 /* Sources */ = {
			isa = PBXSourcesBuildPhase;
			buildActionMask = 2147483647;
			files = (
				37B2397021E523170006E8D8 /* TabBarDummyTests.swift in Sources */,
			);
			runOnlyForDeploymentPostprocessing = 0;
		};
		37B2397221E523170006E8D8 /* Sources */ = {
			isa = PBXSourcesBuildPhase;
			buildActionMask = 2147483647;
			files = (
				37B2397B21E523170006E8D8 /* TabBarDummyUITests.swift in Sources */,
			);
			runOnlyForDeploymentPostprocessing = 0;
		};
/* End PBXSourcesBuildPhase section */

/* Begin PBXTargetDependency section */
		37B2396D21E523170006E8D8 /* PBXTargetDependency */ = {
			isa = PBXTargetDependency;
			target = 37B2395621E523140006E8D8 /* TabBarDummy */;
			targetProxy = 37B2396C21E523170006E8D8 /* PBXContainerItemProxy */;
		};
		37B2397821E523170006E8D8 /* PBXTargetDependency */ = {
			isa = PBXTargetDependency;
			target = 37B2395621E523140006E8D8 /* TabBarDummy */;
			targetProxy = 37B2397721E523170006E8D8 /* PBXContainerItemProxy */;
		};
/* End PBXTargetDependency section */

/* Begin PBXVariantGroup section */
		37B2395E21E523140006E8D8 /* Main.storyboard */ = {
			isa = PBXVariantGroup;
			children = (
				37B2395F21E523140006E8D8 /* Base */,
			);
			name = Main.storyboard;
			sourceTree = "<group>";
		};
		37B2396321E523160006E8D8 /* LaunchScreen.storyboard */ = {
			isa = PBXVariantGroup;
			children = (
				37B2396421E523160006E8D8 /* Base */,
			);
			name = LaunchScreen.storyboard;
			sourceTree = "<group>";
		};
/* End PBXVariantGroup section */

/* Begin XCBuildConfiguration section */
		37B2397D21E523170006E8D8 /* Debug */ = {
			isa = XCBuildConfiguration;
			buildSettings = {
				ALWAYS_SEARCH_USER_PATHS = NO;
				CLANG_ANALYZER_NONNULL = YES;
				CLANG_ANALYZER_NUMBER_OBJECT_CONVERSION = YES_AGGRESSIVE;
				CLANG_CXX_LANGUAGE_STANDARD = "gnu++14";
				CLANG_CXX_LIBRARY = "libc++";
				CLANG_ENABLE_MODULES = YES;
				CLANG_ENABLE_OBJC_ARC = YES;
				CLANG_ENABLE_OBJC_WEAK = YES;
				CLANG_WARN_BLOCK_CAPTURE_AUTORELEASING = YES;
				CLANG_WARN_BOOL_CONVERSION = YES;
				CLANG_WARN_COMMA = YES;
				CLANG_WARN_CONSTANT_CONVERSION = YES;
				CLANG_WARN_DEPRECATED_OBJC_IMPLEMENTATIONS = YES;
				CLANG_WARN_DIRECT_OBJC_ISA_USAGE = YES_ERROR;
				CLANG_WARN_DOCUMENTATION_COMMENTS = YES;
				CLANG_WARN_EMPTY_BODY = YES;
				CLANG_WARN_ENUM_CONVERSION = YES;
				CLANG_WARN_INFINITE_RECURSION = YES;
				CLANG_WARN_INT_CONVERSION = YES;
				CLANG_WARN_NON_LITERAL_NULL_CONVERSION = YES;
				CLANG_WARN_OBJC_IMPLICIT_RETAIN_SELF = YES;
				CLANG_WARN_OBJC_LITERAL_CONVERSION = YES;
				CLANG_WARN_OBJC_ROOT_CLASS = YES_ERROR;
				CLANG_WARN_RANGE_LOOP_ANALYSIS = YES;
				CLANG_WARN_STRICT_PROTOTYPES = YES;
				CLANG_WARN_SUSPICIOUS_MOVE = YES;
				CLANG_WARN_UNGUARDED_AVAILABILITY = YES_AGGRESSIVE;
				CLANG_WARN_UNREACHABLE_CODE = YES;
				CLANG_WARN__DUPLICATE_METHOD_MATCH = YES;
				CODE_SIGN_IDENTITY = "iPhone Developer";
				COPY_PHASE_STRIP = NO;
				DEBUG_INFORMATION_FORMAT = dwarf;
				ENABLE_STRICT_OBJC_MSGSEND = YES;
				ENABLE_TESTABILITY = YES;
				GCC_C_LANGUAGE_STANDARD = gnu11;
				GCC_DYNAMIC_NO_PIC = NO;
				GCC_NO_COMMON_BLOCKS = YES;
				GCC_OPTIMIZATION_LEVEL = 0;
				GCC_PREPROCESSOR_DEFINITIONS = (
					"DEBUG=1",
					"$(inherited)",
				);
				GCC_WARN_64_TO_32_BIT_CONVERSION = YES;
				GCC_WARN_ABOUT_RETURN_TYPE = YES_ERROR;
				GCC_WARN_UNDECLARED_SELECTOR = YES;
				GCC_WARN_UNINITIALIZED_AUTOS = YES_AGGRESSIVE;
				GCC_WARN_UNUSED_FUNCTION = YES;
				GCC_WARN_UNUSED_VARIABLE = YES;
				IPHONEOS_DEPLOYMENT_TARGET = 12.1;
				MTL_ENABLE_DEBUG_INFO = INCLUDE_SOURCE;
				MTL_FAST_MATH = YES;
				ONLY_ACTIVE_ARCH = YES;
				SDKROOT = iphoneos;
				SWIFT_ACTIVE_COMPILATION_CONDITIONS = DEBUG;
				SWIFT_OPTIMIZATION_LEVEL = "-Onone";
			};
			name = Debug;
		};
		37B2397E21E523170006E8D8 /* Release */ = {
			isa = XCBuildConfiguration;
			buildSettings = {
				ALWAYS_SEARCH_USER_PATHS = NO;
				CLANG_ANALYZER_NONNULL = YES;
				CLANG_ANALYZER_NUMBER_OBJECT_CONVERSION = YES_AGGRESSIVE;
				CLANG_CXX_LANGUAGE_STANDARD = "gnu++14";
				CLANG_CXX_LIBRARY = "libc++";
				CLANG_ENABLE_MODULES = YES;
				CLANG_ENABLE_OBJC_ARC = YES;
				CLANG_ENABLE_OBJC_WEAK = YES;
				CLANG_WARN_BLOCK_CAPTURE_AUTORELEASING = YES;
				CLANG_WARN_BOOL_CONVERSION = YES;
				CLANG_WARN_COMMA = YES;
				CLANG_WARN_CONSTANT_CONVERSION = YES;
				CLANG_WARN_DEPRECATED_OBJC_IMPLEMENTATIONS = YES;
				CLANG_WARN_DIRECT_OBJC_ISA_USAGE = YES_ERROR;
				CLANG_WARN_DOCUMENTATION_COMMENTS = YES;
				CLANG_WARN_EMPTY_BODY = YES;
				CLANG_WARN_ENUM_CONVERSION = YES;
				CLANG_WARN_INFINITE_RECURSION = YES;
				CLANG_WARN_INT_CONVERSION = YES;
				CLANG_WARN_NON_LITERAL_NULL_CONVERSION = YES;
				CLANG_WARN_OBJC_IMPLICIT_RETAIN_SELF = YES;
				CLANG_WARN_OBJC_LITERAL_CONVERSION = YES;
				CLANG_WARN_OBJC_ROOT_CLASS = YES_ERROR;
				CLANG_WARN_RANGE_LOOP_ANALYSIS = YES;
				CLANG_WARN_STRICT_PROTOTYPES = YES;
				CLANG_WARN_SUSPICIOUS_MOVE = YES;
				CLANG_WARN_UNGUARDED_AVAILABILITY = YES_AGGRESSIVE;
				CLANG_WARN_UNREACHABLE_CODE = YES;
				CLANG_WARN__DUPLICATE_METHOD_MATCH = YES;
				CODE_SIGN_IDENTITY = "iPhone Developer";
				COPY_PHASE_STRIP = NO;
				DEBUG_INFORMATION_FORMAT = "dwarf-with-dsym";
				ENABLE_NS_ASSERTIONS = NO;
				ENABLE_STRICT_OBJC_MSGSEND = YES;
				GCC_C_LANGUAGE_STANDARD = gnu11;
				GCC_NO_COMMON_BLOCKS = YES;
				GCC_WARN_64_TO_32_BIT_CONVERSION = YES;
				GCC_WARN_ABOUT_RETURN_TYPE = YES_ERROR;
				GCC_WARN_UNDECLARED_SELECTOR = YES;
				GCC_WARN_UNINITIALIZED_AUTOS = YES_AGGRESSIVE;
				GCC_WARN_UNUSED_FUNCTION = YES;
				GCC_WARN_UNUSED_VARIABLE = YES;
				IPHONEOS_DEPLOYMENT_TARGET = 12.1;
				MTL_ENABLE_DEBUG_INFO = NO;
				MTL_FAST_MATH = YES;
				SDKROOT = iphoneos;
				SWIFT_COMPILATION_MODE = wholemodule;
				SWIFT_OPTIMIZATION_LEVEL = "-O";
				VALIDATE_PRODUCT = YES;
			};
			name = Release;
		};
		37B2398021E523170006E8D8 /* Debug */ = {
			isa = XCBuildConfiguration;
			buildSettings = {
				ASSETCATALOG_COMPILER_APPICON_NAME = AppIcon;
				CODE_SIGN_STYLE = Automatic;
				INFOPLIST_FILE = TabBarDummy/Info.plist;
				LD_RUNPATH_SEARCH_PATHS = (
					"$(inherited)",
					"@executable_path/Frameworks",
				);
				PRODUCT_BUNDLE_IDENTIFIER = MmiratProductions.TabBarDummy;
				PRODUCT_NAME = "$(TARGET_NAME)";
				SWIFT_VERSION = 4.2;
				TARGETED_DEVICE_FAMILY = "1,2";
			};
			name = Debug;
		};
		37B2398121E523170006E8D8 /* Release */ = {
			isa = XCBuildConfiguration;
			buildSettings = {
				ASSETCATALOG_COMPILER_APPICON_NAME = AppIcon;
				CODE_SIGN_STYLE = Automatic;
				INFOPLIST_FILE = TabBarDummy/Info.plist;
				LD_RUNPATH_SEARCH_PATHS = (
					"$(inherited)",
					"@executable_path/Frameworks",
				);
				PRODUCT_BUNDLE_IDENTIFIER = MmiratProductions.TabBarDummy;
				PRODUCT_NAME = "$(TARGET_NAME)";
				SWIFT_VERSION = 4.2;
				TARGETED_DEVICE_FAMILY = "1,2";
			};
			name = Release;
		};
		37B2398321E523170006E8D8 /* Debug */ = {
			isa = XCBuildConfiguration;
			buildSettings = {
				ALWAYS_EMBED_SWIFT_STANDARD_LIBRARIES = YES;
				BUNDLE_LOADER = "$(TEST_HOST)";
				CODE_SIGN_STYLE = Automatic;
				INFOPLIST_FILE = TabBarDummyTests/Info.plist;
				LD_RUNPATH_SEARCH_PATHS = (
					"$(inherited)",
					"@executable_path/Frameworks",
					"@loader_path/Frameworks",
				);
				PRODUCT_BUNDLE_IDENTIFIER = MmiratProductions.TabBarDummyTests;
				PRODUCT_NAME = "$(TARGET_NAME)";
				SWIFT_VERSION = 4.2;
				TARGETED_DEVICE_FAMILY = "1,2";
				TEST_HOST = "$(BUILT_PRODUCTS_DIR)/TabBarDummy.app/TabBarDummy";
			};
			name = Debug;
		};
		37B2398421E523170006E8D8 /* Release */ = {
			isa = XCBuildConfiguration;
			buildSettings = {
				ALWAYS_EMBED_SWIFT_STANDARD_LIBRARIES = YES;
				BUNDLE_LOADER = "$(TEST_HOST)";
				CODE_SIGN_STYLE = Automatic;
				INFOPLIST_FILE = TabBarDummyTests/Info.plist;
				LD_RUNPATH_SEARCH_PATHS = (
					"$(inherited)",
					"@executable_path/Frameworks",
					"@loader_path/Frameworks",
				);
				PRODUCT_BUNDLE_IDENTIFIER = MmiratProductions.TabBarDummyTests;
				PRODUCT_NAME = "$(TARGET_NAME)";
				SWIFT_VERSION = 4.2;
				TARGETED_DEVICE_FAMILY = "1,2";
				TEST_HOST = "$(BUILT_PRODUCTS_DIR)/TabBarDummy.app/TabBarDummy";
			};
			name = Release;
		};
		37B2398621E523170006E8D8 /* Debug */ = {
			isa = XCBuildConfiguration;
			buildSettings = {
				ALWAYS_EMBED_SWIFT_STANDARD_LIBRARIES = YES;
				CODE_SIGN_STYLE = Automatic;
				INFOPLIST_FILE = TabBarDummyUITests/Info.plist;
				LD_RUNPATH_SEARCH_PATHS = (
					"$(inherited)",
					"@executable_path/Frameworks",
					"@loader_path/Frameworks",
				);
				PRODUCT_BUNDLE_IDENTIFIER = MmiratProductions.TabBarDummyUITests;
				PRODUCT_NAME = "$(TARGET_NAME)";
				SWIFT_VERSION = 4.2;
				TARGETED_DEVICE_FAMILY = "1,2";
				TEST_TARGET_NAME = TabBarDummy;
			};
			name = Debug;
		};
		37B2398721E523170006E8D8 /* Release */ = {
			isa = XCBuildConfiguration;
			buildSettings = {
				ALWAYS_EMBED_SWIFT_STANDARD_LIBRARIES = YES;
				CODE_SIGN_STYLE = Automatic;
				INFOPLIST_FILE = TabBarDummyUITests/Info.plist;
				LD_RUNPATH_SEARCH_PATHS = (
					"$(inherited)",
					"@executable_path/Frameworks",
					"@loader_path/Frameworks",
				);
				PRODUCT_BUNDLE_IDENTIFIER = MmiratProductions.TabBarDummyUITests;
				PRODUCT_NAME = "$(TARGET_NAME)";
				SWIFT_VERSION = 4.2;
				TARGETED_DEVICE_FAMILY = "1,2";
				TEST_TARGET_NAME = TabBarDummy;
			};
			name = Release;
		};
/* End XCBuildConfiguration section */

/* Begin XCConfigurationList section */
		37B2395221E523140006E8D8 /* Build configuration list for PBXProject "TabBarDummy" */ = {
			isa = XCConfigurationList;
			buildConfigurations = (
				37B2397D21E523170006E8D8 /* Debug */,
				37B2397E21E523170006E8D8 /* Release */,
			);
			defaultConfigurationIsVisible = 0;
			defaultConfigurationName = Release;
		};
		37B2397F21E523170006E8D8 /* Build configuration list for PBXNativeTarget "TabBarDummy" */ = {
			isa = XCConfigurationList;
			buildConfigurations = (
				37B2398021E523170006E8D8 /* Debug */,
				37B2398121E523170006E8D8 /* Release */,
			);
			defaultConfigurationIsVisible = 0;
			defaultConfigurationName = Release;
		};
		37B2398221E523170006E8D8 /* Build configuration list for PBXNativeTarget "TabBarDummyTests" */ = {
			isa = XCConfigurationList;
			buildConfigurations = (
				37B2398321E523170006E8D8 /* Debug */,
				37B2398421E523170006E8D8 /* Release */,
			);
			defaultConfigurationIsVisible = 0;
			defaultConfigurationName = Release;
		};
		37B2398521E523170006E8D8 /* Build configuration list for PBXNativeTarget "TabBarDummyUITests" */ = {
			isa = XCConfigurationList;
			buildConfigurations = (
				37B2398621E523170006E8D8 /* Debug */,
				37B2398721E523170006E8D8 /* Release */,
			);
			defaultConfigurationIsVisible = 0;
			defaultConfigurationName = Release;
		};
/* End XCConfigurationList section */
	};
	rootObject = 37B2394F21E523140006E8D8 /* Project object */;
}
